
Microsoft Visual Studio Solution File, Format Version 12.00
# Visual Studio Version 17
VisualStudioVersion = 17.0.31903.59
MinimumVisualStudioVersion = 10.0.40219.1
Project("{2150E333-8FDC-42A3-9474-1A3956D46DE8}") = "src", "src", "{4C8F9E1A-1234-4567-89AB-1234567890AB}"
EndProject
Project("{2150E333-8FDC-42A3-9474-1A3956D46DE8}") = "tests", "tests", "{5D9F0E2B-2345-5678-90BC-2345678901BC}"
EndProject
Project("{FAE04EC0-301F-11D3-BF4B-00C04F79EFBC}") = "ClipX.Core", "src\ClipX.Core\ClipX.Core.csproj", "{A1B2C3D4-1111-2222-3333-444444444444}"
EndProject
Project("{FAE04EC0-301F-11D3-BF4B-00C04F79EFBC}") = "ClipX.Platform", "src\ClipX.Platform\ClipX.Platform.csproj", "{B2C3D4E5-2222-3333-4444-555555555555}"
EndProject
Project("{FAE04EC0-301F-11D3-BF4B-00C04F79EFBC}") = "ClipX.CLI", "src\ClipX.CLI\ClipX.CLI.csproj", "{C3D4E5F6-3333-4444-5555-666666666666}"
EndProject
Project("{FAE04EC0-301F-11D3-BF4B-00C04F79EFBC}") = "ClipX.Core.Tests", "tests\ClipX.Core.Tests\ClipX.Core.Tests.csproj", "{E5F6G7H8-5555-6666-7777-888888888888}"
EndProject
Project("{FAE04EC0-301F-11D3-BF4B-00C04F79EFBC}") = "ClipX.Platform.Tests", "tests\ClipX.Platform.Tests\ClipX.Platform.Tests.csproj", "{F6G7H8I9-6666-7777-8888-999999999999}"
EndProject
Global
	GlobalSection(SolutionConfigurationPlatforms) = preSolution
		Debug|Any CPU = Debug|Any CPU
		Release|Any CPU = Release|Any CPU
	EndGlobalSection
	GlobalSection(ProjectConfigurationPlatforms) = postSolution
		{A1B2C3D4-1111-2222-3333-444444444444}.Debug|Any CPU.ActiveCfg = Debug|Any CPU
		{A1B2C3D4-1111-2222-3333-444444444444}.Debug|Any CPU.Build.0 = Debug|Any CPU
		{A1B2C3D4-1111-2222-3333-444444444444}.Release|Any CPU.ActiveCfg = Release|Any CPU
		{A1B2C3D4-1111-2222-3333-444444444444}.Release|Any CPU.Build.0 = Release|Any CPU
		{B2C3D4E5-2222-3333-4444-555555555555}.Debug|Any CPU.ActiveCfg = Debug|Any CPU
		{B2C3D4E5-2222-3333-4444-555555555555}.Debug|Any CPU.Build.0 = Debug|Any CPU
		{B2C3D4E5-2222-3333-4444-555555555555}.Release|Any CPU.ActiveCfg = Release|Any CPU
		{B2C3D4E5-2222-3333-4444-555555555555}.Release|Any CPU.Build.0 = Release|Any CPU
		{C3D4E5F6-3333-4444-5555-666666666666}.Debug|Any CPU.ActiveCfg = Debug|Any CPU
		{C3D4E5F6-3333-4444-5555-666666666666}.Debug|Any CPU.Build.0 = Debug|Any CPU
		{C3D4E5F6-3333-4444-5555-666666666666}.Release|Any CPU.ActiveCfg = Release|Any CPU
		{C3D4E5F6-3333-4444-5555-666666666666}.Release|Any CPU.Build.0 = Release|Any CPU
		{D4E5F6G7-4444-5555-6666-777777777777}.Debug|Any CPU.ActiveCfg = Debug|Any CPU
		{D4E5F6G7-4444-5555-6666-777777777777}.Debug|Any CPU.Build.0 = Debug|Any CPU
		{D4E5F6G7-4444-5555-6666-777777777777}.Release|Any CPU.ActiveCfg = Release|Any CPU
		{D4E5F6G7-4444-5555-6666-777777777777}.Release|Any CPU.Build.0 = Release|Any CPU
		{E5F6G7H8-5555-6666-7777-888888888888}.Debug|Any CPU.ActiveCfg = Debug|Any CPU
		{E5F6G7H8-5555-6666-7777-888888888888}.Debug|Any CPU.Build.0 = Debug|Any CPU
		{E5F6G7H8-5555-6666-7777-888888888888}.Release|Any CPU.ActiveCfg = Release|Any CPU
		{E5F6G7H8-5555-6666-7777-888888888888}.Release|Any CPU.Build.0 = Release|Any CPU
		{F6G7H8I9-6666-7777-8888-999999999999}.Debug|Any CPU.ActiveCfg = Debug|Any CPU
		{F6G7H8I9-6666-7777-8888-999999999999}.Debug|Any CPU.Build.0 = Debug|Any CPU
		{F6G7H8I9-6666-7777-8888-999999999999}.Release|Any CPU.ActiveCfg = Release|Any CPU
		{F6G7H8I9-6666-7777-8888-999999999999}.Release|Any CPU.Build.0 = Release|Any CPU
	EndGlobalSection
	GlobalSection(NestedProjects) = preSolution
		{A1B2C3D4-1111-2222-3333-444444444444} = {4C8F9E1A-1234-4567-89AB-1234567890AB}
		{B2C3D4E5-2222-3333-4444-555555555555} = {4C8F9E1A-1234-4567-89AB-1234567890AB}
		{C3D4E5F6-3333-4444-5555-666666666666} = {4C8F9E1A-1234-4567-89AB-1234567890AB}
		{D4E5F6G7-4444-5555-6666-777777777777} = {4C8F9E1A-1234-4567-89AB-1234567890AB}
		{E5F6G7H8-5555-6666-7777-888888888888} = {5D9F0E2B-2345-5678-90BC-2345678901BC}
		{F6G7H8I9-6666-7777-8888-999999999999} = {5D9F0E2B-2345-5678-90BC-2345678901BC}
	EndGlobalSection
EndGlobal
